
Microsoft Visual Studio Solution File, Format Version 12.00
# Visual Studio Version 16
VisualStudioVersion = 16.0.29201.188
MinimumVisualStudioVersion = 10.0.40219.1
Project("{FAE04EC0-301F-11D3-BF4B-00C04F79EFBC}") = "EditorApp", "EditorApp\EditorApp.csproj", "{A2709BA2-883C-4CD7-81AB-CDFB3D1ED4BE}"
EndProject
Global
	GlobalSection(SolutionConfigurationPlatforms) = preSolution
		Debug|Any CPU = Debug|Any CPU
		Release|Any CPU = Release|Any CPU
	EndGlobalSection
	GlobalSection(ProjectConfigurationPlatforms) = postSolution
		{A2709BA2-883C-4CD7-81AB-CDFB3D1ED4BE}.Debug|Any CPU.ActiveCfg = Debug|Any CPU
		{A2709BA2-883C-4CD7-81AB-CDFB3D1ED4BE}.Debug|Any CPU.Build.0 = Debug|Any CPU
		{A2709BA2-883C-4CD7-81AB-CDFB3D1ED4BE}.Release|Any CPU.ActiveCfg = Release|Any CPU
		{A2709BA2-883C-4CD7-81AB-CDFB3D1ED4BE}.Release|Any CPU.Build.0 = Release|Any CPU
	EndGlobalSection
	GlobalSection(SolutionProperties) = preSolution
		HideSolutionNode = FALSE
	EndGlobalSection
	GlobalSection(ExtensibilityGlobals) = postSolution
		SolutionGuid = {80CC00C5-583B-4357-9260-B922AE096EF3}
	EndGlobalSection
EndGlobal
